
Microsoft Visual Studio Solution File, Format Version 12.00
# Visual Studio 15
VisualStudioVersion = 15.0.27004.2005
MinimumVisualStudioVersion = 10.0.40219.1
Project("{f2a71f9b-5d33-465a-a702-920d77279786}") = "blockchain.test", "test\blockchain.test\blockchain.test.fsproj", "{91A6EA47-7645-4603-B06A-0F3A1E149870}"
EndProject
Project("{f2a71f9b-5d33-465a-a702-920d77279786}") = "blockchain", "src\blockchain\blockchain.fsproj", "{71B42E24-0747-4D2C-8D17-154CF4C8B5C6}"
EndProject
Project("{f2a71f9b-5d33-465a-a702-920d77279786}") = "bdd", "test\bdd\bdd.fsproj", "{11DCBE3E-BABA-44C5-BBFC-F34C140CE665}"
EndProject
Global
	GlobalSection(SolutionConfigurationPlatforms) = preSolution
		Debug|Any CPU = Debug|Any CPU
		Release|Any CPU = Release|Any CPU
	EndGlobalSection
	GlobalSection(ProjectConfigurationPlatforms) = postSolution
		{91A6EA47-7645-4603-B06A-0F3A1E149870}.Debug|Any CPU.ActiveCfg = Debug|Any CPU
		{91A6EA47-7645-4603-B06A-0F3A1E149870}.Debug|Any CPU.Build.0 = Debug|Any CPU
		{91A6EA47-7645-4603-B06A-0F3A1E149870}.Release|Any CPU.ActiveCfg = Release|Any CPU
		{91A6EA47-7645-4603-B06A-0F3A1E149870}.Release|Any CPU.Build.0 = Release|Any CPU
		{71B42E24-0747-4D2C-8D17-154CF4C8B5C6}.Debug|Any CPU.ActiveCfg = Debug|Any CPU
		{71B42E24-0747-4D2C-8D17-154CF4C8B5C6}.Debug|Any CPU.Build.0 = Debug|Any CPU
		{71B42E24-0747-4D2C-8D17-154CF4C8B5C6}.Release|Any CPU.ActiveCfg = Release|Any CPU
		{71B42E24-0747-4D2C-8D17-154CF4C8B5C6}.Release|Any CPU.Build.0 = Release|Any CPU
		{1E47E25B-EC2D-48E6-8309-2E44D196CBC1}.Debug|Any CPU.ActiveCfg = Debug|Any CPU
		{1E47E25B-EC2D-48E6-8309-2E44D196CBC1}.Debug|Any CPU.Build.0 = Debug|Any CPU
		{1E47E25B-EC2D-48E6-8309-2E44D196CBC1}.Release|Any CPU.ActiveCfg = Release|Any CPU
		{1E47E25B-EC2D-48E6-8309-2E44D196CBC1}.Release|Any CPU.Build.0 = Release|Any CPU
		{894CA4DD-BDCD-4082-BC01-EFEAFAF7FE97}.Debug|Any CPU.ActiveCfg = Debug|Any CPU
		{894CA4DD-BDCD-4082-BC01-EFEAFAF7FE97}.Debug|Any CPU.Build.0 = Debug|Any CPU
		{894CA4DD-BDCD-4082-BC01-EFEAFAF7FE97}.Release|Any CPU.ActiveCfg = Release|Any CPU
		{894CA4DD-BDCD-4082-BC01-EFEAFAF7FE97}.Release|Any CPU.Build.0 = Release|Any CPU
		{131932F0-0CC4-4887-9151-A19F074D4315}.Debug|Any CPU.ActiveCfg = Debug|Any CPU
		{131932F0-0CC4-4887-9151-A19F074D4315}.Debug|Any CPU.Build.0 = Debug|Any CPU
		{131932F0-0CC4-4887-9151-A19F074D4315}.Release|Any CPU.ActiveCfg = Release|Any CPU
		{131932F0-0CC4-4887-9151-A19F074D4315}.Release|Any CPU.Build.0 = Release|Any CPU
		{11DCBE3E-BABA-44C5-BBFC-F34C140CE665}.Debug|Any CPU.ActiveCfg = Debug|Any CPU
		{11DCBE3E-BABA-44C5-BBFC-F34C140CE665}.Debug|Any CPU.Build.0 = Debug|Any CPU
		{11DCBE3E-BABA-44C5-BBFC-F34C140CE665}.Release|Any CPU.ActiveCfg = Release|Any CPU
		{11DCBE3E-BABA-44C5-BBFC-F34C140CE665}.Release|Any CPU.Build.0 = Release|Any CPU
	EndGlobalSection
	GlobalSection(SolutionProperties) = preSolution
		HideSolutionNode = FALSE
	EndGlobalSection
	GlobalSection(ExtensibilityGlobals) = postSolution
		SolutionGuid = {92BA3157-9E9F-4D1E-9BAE-3C4A78928591}
	EndGlobalSection
EndGlobal
